
Microsoft Visual Studio Solution File, Format Version 12.00
# Visual Studio Version 16
VisualStudioVersion = 16.0.29806.167
MinimumVisualStudioVersion = 10.0.40219.1
Project("{9A19103F-16F7-4668-BE54-9A1E7A4F7556}") = "Domain", "Domain\Domain.csproj", "{7C0BF92F-E141-4713-885E-AFB21E9075A0}"
EndProject
Project("{9A19103F-16F7-4668-BE54-9A1E7A4F7556}") = "Application", "Application\Application.csproj", "{0A343D4B-A6D0-40DE-9CAF-28B6F14E7C2F}"
EndProject
Project("{9A19103F-16F7-4668-BE54-9A1E7A4F7556}") = "Infrastructure", "Infrastructure\Infrastructure.csproj", "{4B8B5BA1-CF38-480C-8332-434632C86AE6}"
EndProject
Project("{FAE04EC0-301F-11D3-BF4B-00C04F79EFBC}") = "API", "API\API.csproj", "{B30B4B08-5F8D-4D9E-B5CD-7783F98B8CCE}"
EndProject
Global
	GlobalSection(SolutionConfigurationPlatforms) = preSolution
		Debug|Any CPU = Debug|Any CPU
		Release|Any CPU = Release|Any CPU
	EndGlobalSection
	GlobalSection(ProjectConfigurationPlatforms) = postSolution
		{7C0BF92F-E141-4713-885E-AFB21E9075A0}.Debug|Any CPU.ActiveCfg = Debug|Any CPU
		{7C0BF92F-E141-4713-885E-AFB21E9075A0}.Debug|Any CPU.Build.0 = Debug|Any CPU
		{7C0BF92F-E141-4713-885E-AFB21E9075A0}.Release|Any CPU.ActiveCfg = Release|Any CPU
		{7C0BF92F-E141-4713-885E-AFB21E9075A0}.Release|Any CPU.Build.0 = Release|Any CPU
		{0A343D4B-A6D0-40DE-9CAF-28B6F14E7C2F}.Debug|Any CPU.ActiveCfg = Debug|Any CPU
		{0A343D4B-A6D0-40DE-9CAF-28B6F14E7C2F}.Debug|Any CPU.Build.0 = Debug|Any CPU
		{0A343D4B-A6D0-40DE-9CAF-28B6F14E7C2F}.Release|Any CPU.ActiveCfg = Release|Any CPU
		{0A343D4B-A6D0-40DE-9CAF-28B6F14E7C2F}.Release|Any CPU.Build.0 = Release|Any CPU
		{4B8B5BA1-CF38-480C-8332-434632C86AE6}.Debug|Any CPU.ActiveCfg = Debug|Any CPU
		{4B8B5BA1-CF38-480C-8332-434632C86AE6}.Debug|Any CPU.Build.0 = Debug|Any CPU
		{4B8B5BA1-CF38-480C-8332-434632C86AE6}.Release|Any CPU.ActiveCfg = Release|Any CPU
		{4B8B5BA1-CF38-480C-8332-434632C86AE6}.Release|Any CPU.Build.0 = Release|Any CPU
		{B30B4B08-5F8D-4D9E-B5CD-7783F98B8CCE}.Debug|Any CPU.ActiveCfg = Debug|Any CPU
		{B30B4B08-5F8D-4D9E-B5CD-7783F98B8CCE}.Debug|Any CPU.Build.0 = Debug|Any CPU
		{B30B4B08-5F8D-4D9E-B5CD-7783F98B8CCE}.Release|Any CPU.ActiveCfg = Release|Any CPU
		{B30B4B08-5F8D-4D9E-B5CD-7783F98B8CCE}.Release|Any CPU.Build.0 = Release|Any CPU
	EndGlobalSection
	GlobalSection(SolutionProperties) = preSolution
		HideSolutionNode = FALSE
	EndGlobalSection
	GlobalSection(ExtensibilityGlobals) = postSolution
		SolutionGuid = {A4D74EBF-5DAA-44D4-9E2C-BE37FFA57C19}
	EndGlobalSection
EndGlobal
